{
    "_readme": [
        "This file locks the dependencies of your project to a known state",
        "Read more about it at https://getcomposer.org/doc/01-basic-usage.md#installing-dependencies",
        "This file is @generated automatically"
    ],
    "content-hash": "ec9ab228123be91a49e4c8bf579ad6b4",
    "packages": [
        {
            "name": "wp-cli-configmaps/wp-cli-configmaps",
            "version": "1.0.3",
            "source": {
                "type": "git",
                "url": "https://github.com/wp-cli-configmaps/wp-cli-configmaps.git",
                "reference": "d8db616745068ebe1ddc8c1f1a3461eabcf86088"
            },
            "dist": {
                "type": "zip",
                "url": "https://api.github.com/repos/wp-cli-configmaps/wp-cli-configmaps/zipball/d8db616745068ebe1ddc8c1f1a3461eabcf86088",
                "reference": "d8db616745068ebe1ddc8c1f1a3461eabcf86088",
                "shasum": ""
            },
            "require": {
                "php": ">=7.4.0",
                "wp-cli/wp-cli": "^2.5"
            },
            "type": "wp-cli-package",
            "autoload": {
                "psr-4": {
                    "WP\\CLI\\ConfigMaps\\": "src/"
                },
                "files": [
                    "wp-cli-configmaps.php"
                ]
            },
            "notification-url": "https://packagist.org/downloads/",
            "license": [
                "GPL-2.0-only"
            ],
            "authors": [
                {
                    "name": "Bostjan Skufca Jese",
                    "homepage": "https://github.com/bostjan",
                    "role": "Developer"
                }
            ],
            "description": "ConfigMaps for WordPress WP-CLI - Configuration management for your wp_options table",
            "homepage": "https://github.com/wp-cli-configmaps/wp-cli-configmaps",
            "keywords": [
                "Settings",
                "configuration management",
                "options",
                "wordpress",
                "wp-cli",
                "wp_options"
            ],
            "support": {
                "issues": "https://github.com/wp-cli-configmaps/wp-cli-configmaps/issues",
                "source": "https://github.com/wp-cli-configmaps/wp-cli-configmaps/tree/1.0.3"
            },
            "time": "2022-01-16T05:55:03+00:00"
        }
    ],
    "packages-dev": [],
    "aliases": [],
    "minimum-stability": "dev",
    "stability-flags": [],
    "prefer-stable": true,
    "prefer-lowest": false,
    "platform": [],
    "platform-dev": [],
    "plugin-api-version": "2.0.0"
}
