{
    "_readme": [
        "This file locks the dependencies of your project to a known state",
        "Read more about it at https://getcomposer.org/doc/01-basic-usage.md#installing-dependencies",
        "This file is @generated automatically"
    ],
    "content-hash": "dbd1c86f09afd07a942c6c3952f27f7f",
    "packages": [
        {
            "name": "wp-cli-configmaps/wp-cli-configmaps",
            "version": "dev-master",
            "source": {
                "type": "git",
                "url": "https://github.com/wp-cli-configmaps/wp-cli-configmaps.git",
                "reference": "94ce7e83a389e413db7da1cb14cddf57aa2a3764"
            },
            "dist": {
                "type": "zip",
                "url": "https://api.github.com/repos/wp-cli-configmaps/wp-cli-configmaps/zipball/94ce7e83a389e413db7da1cb14cddf57aa2a3764",
                "reference": "94ce7e83a389e413db7da1cb14cddf57aa2a3764",
                "shasum": ""
            },
            "require": {
                "php": ">=7.4.0",
                "wp-cli/wp-cli": "^2.5"
            },
            "default-branch": true,
            "type": "wp-cli-package",
            "autoload": {
                "psr-4": {
                    "WP\\CLI\\ConfigMaps\\": "src/"
                },
                "files": [
                    "wp-cli-configmaps.php"
                ]
            },
            "license": [
                "GPL-2.0-only"
            ],
            "authors": [
                {
                    "name": "Bostjan Skufca Jese",
                    "homepage": "https://github.com/bostjan",
                    "role": "Developer"
                }
            ],
            "description": "ConfigMaps for WP-CLI - Configuration management for your wp_options table",
            "homepage": "https://github.com/wp-cli-configmaps/wp-cli-configmaps",
            "keywords": [
                "configuration management",
                "options",
                "settings",
                "wordpress",
                "wp-cli",
                "wp_options"
            ],
            "support": {
                "issues": "https://github.com/wp-cli-configmaps/wp-cli-configmaps/issues",
                "source": "https://github.com/wp-cli-configmaps/wp-cli-configmaps/tree/master"
            },
            "time": "2022-01-12T01:34:58+00:00"
        }
    ],
    "packages-dev": [],
    "aliases": [],
    "minimum-stability": "dev",
    "stability-flags": {
        "wp-cli-configmaps/wp-cli-configmaps": 20
    },
    "prefer-stable": true,
    "prefer-lowest": false,
    "platform": [],
    "platform-dev": [],
    "plugin-api-version": "2.0.0"
}
